// !$*UTF8*$!
{
	archiveVersion = 1;
	classes = {
	};
	objectVersion = 48;
	objects = {

/* Begin PBXBuildFile section */
		E01818EA2006FBE60004C376 /* AppDelegate.swift in Sources */ = {isa = PBXBuildFile; fileRef = E01818E92006FBE60004C376 /* AppDelegate.swift */; };
		E01818EF2006FBE60004C376 /* Main.storyboard in Resources */ = {isa = PBXBuildFile; fileRef = E01818ED2006FBE60004C376 /* Main.storyboard */; };
		E01818F12006FBE60004C376 /* Assets.xcassets in Resources */ = {isa = PBXBuildFile; fileRef = E01818F02006FBE60004C376 /* Assets.xcassets */; };
		E01818F42006FBE60004C376 /* LaunchScreen.storyboard in Resources */ = {isa = PBXBuildFile; fileRef = E01818F22006FBE60004C376 /* LaunchScreen.storyboard */; };
		E01818FF2006FDCD0004C376 /* sandwich-1.png in Resources */ = {isa = PBXBuildFile; fileRef = E01818FB2006FDCC0004C376 /* sandwich-1.png */; };
		E01819002006FDCD0004C376 /* rice.png in Resources */ = {isa = PBXBuildFile; fileRef = E01818FC2006FDCC0004C376 /* rice.png */; };
		E01819012006FDCD0004C376 /* orange-juice.png in Resources */ = {isa = PBXBuildFile; fileRef = E01818FD2006FDCC0004C376 /* orange-juice.png */; };
		E01819022006FDCD0004C376 /* sandwich-2.png in Resources */ = {isa = PBXBuildFile; fileRef = E01818FE2006FDCC0004C376 /* sandwich-2.png */; };
		E01819042006FDD50004C376 /* coffee.png in Resources */ = {isa = PBXBuildFile; fileRef = E01819032006FDD50004C376 /* coffee.png */; };
		E018190C2007110C0004C376 /* unCheck.png in Resources */ = {isa = PBXBuildFile; fileRef = E018190A2007110C0004C376 /* unCheck.png */; };
		E018190D2007110C0004C376 /* check.png in Resources */ = {isa = PBXBuildFile; fileRef = E018190B2007110C0004C376 /* check.png */; };
		E018190F200714840004C376 /* ChooBabMenuTableViewController.swift in Sources */ = {isa = PBXBuildFile; fileRef = E018190E200714840004C376 /* ChooBabMenuTableViewController.swift */; };
		E01E2F2020198A9E00843AF7 /* QuiznosDrinkViewController.swift in Sources */ = {isa = PBXBuildFile; fileRef = E01E2F1F20198A9E00843AF7 /* QuiznosDrinkViewController.swift */; };
		E01E2F2220198AB000843AF7 /* QuiznosDrinkTableViewController.swift in Sources */ = {isa = PBXBuildFile; fileRef = E01E2F2120198AB000843AF7 /* QuiznosDrinkTableViewController.swift */; };
		E01E2F242019B11F00843AF7 /* MainTabbarViewController.swift in Sources */ = {isa = PBXBuildFile; fileRef = E01E2F232019B11F00843AF7 /* MainTabbarViewController.swift */; };
		E01E2F292019B42100843AF7 /* BeetleMenuTableViewController.swift in Sources */ = {isa = PBXBuildFile; fileRef = E01E2F282019B42100843AF7 /* BeetleMenuTableViewController.swift */; };
		E01E2F2B2019B47200843AF7 /* BeetleOrderTableViewController.swift in Sources */ = {isa = PBXBuildFile; fileRef = E01E2F2A2019B47200843AF7 /* BeetleOrderTableViewController.swift */; };
		E01E2F2F2019B4A400843AF7 /* BeetleOrderViewController.swift in Sources */ = {isa = PBXBuildFile; fileRef = E01E2F2E2019B4A400843AF7 /* BeetleOrderViewController.swift */; };
		E01E2F352019CEE600843AF7 /* MyPageTableViewController.swift in Sources */ = {isa = PBXBuildFile; fileRef = E01E2F312019CEE600843AF7 /* MyPageTableViewController.swift */; };
		E01E2F362019CEE600843AF7 /* LoginViewController.swift in Sources */ = {isa = PBXBuildFile; fileRef = E01E2F322019CEE600843AF7 /* LoginViewController.swift */; };
		E01E2F372019CEE600843AF7 /* SignUpViewController.swift in Sources */ = {isa = PBXBuildFile; fileRef = E01E2F332019CEE600843AF7 /* SignUpViewController.swift */; };
		E01E2F382019CEE600843AF7 /* ProfileChangeViewController.swift in Sources */ = {isa = PBXBuildFile; fileRef = E01E2F342019CEE600843AF7 /* ProfileChangeViewController.swift */; };
		E01E2F3B2019CF0000843AF7 /* SwuPeed.png in Resources */ = {isa = PBXBuildFile; fileRef = E01E2F392019CF0000843AF7 /* SwuPeed.png */; };
		E01E2F3C2019CF0000843AF7 /* girl-2.png in Resources */ = {isa = PBXBuildFile; fileRef = E01E2F3A2019CF0000843AF7 /* girl-2.png */; };
		E01E2F3E2019D38400843AF7 /* AboutSwuPeedViewController.swift in Sources */ = {isa = PBXBuildFile; fileRef = E01E2F3D2019D38400843AF7 /* AboutSwuPeedViewController.swift */; };
		E01E2F402019F04300843AF7 /* mainImage1.png in Resources */ = {isa = PBXBuildFile; fileRef = E01E2F3F2019F04100843AF7 /* mainImage1.png */; };
		E01E2F422019F10C00843AF7 /* mainImage2.png in Resources */ = {isa = PBXBuildFile; fileRef = E01E2F412019F10B00843AF7 /* mainImage2.png */; };
		E01E2F442019F20D00843AF7 /* MainViewController.swift in Sources */ = {isa = PBXBuildFile; fileRef = E01E2F432019F20D00843AF7 /* MainViewController.swift */; };
		E01E2F462019F3A800843AF7 /* mainImage3.png in Resources */ = {isa = PBXBuildFile; fileRef = E01E2F452019F3A700843AF7 /* mainImage3.png */; };
		E01E2F482019F44000843AF7 /* mainImage4.png in Resources */ = {isa = PBXBuildFile; fileRef = E01E2F472019F44000843AF7 /* mainImage4.png */; };
		E057B8552008661100AC8A26 /* ChooBabOrderViewController.swift in Sources */ = {isa = PBXBuildFile; fileRef = E057B8542008661100AC8A26 /* ChooBabOrderViewController.swift */; };
		E057B8572008815400AC8A26 /* ChooBabCartViewController.swift in Sources */ = {isa = PBXBuildFile; fileRef = E057B8562008815400AC8A26 /* ChooBabCartViewController.swift */; };
		E057B8592008816000AC8A26 /* ChooBabCartTableViewController.swift in Sources */ = {isa = PBXBuildFile; fileRef = E057B8582008816000AC8A26 /* ChooBabCartTableViewController.swift */; };
		E057B85B200887E900AC8A26 /* ChooBabTodayMenuViewController.swift in Sources */ = {isa = PBXBuildFile; fileRef = E057B85A200887E900AC8A26 /* ChooBabTodayMenuViewController.swift */; };
		E06611E820074D6E0090F211 /* NewMenu.jpg in Resources */ = {isa = PBXBuildFile; fileRef = E06611E720074D6D0090F211 /* NewMenu.jpg */; };
		E06611EE20074D9C0090F211 /* BeetleJuice.png in Resources */ = {isa = PBXBuildFile; fileRef = E06611E920074D9B0090F211 /* BeetleJuice.png */; };
		E06611EF20074D9C0090F211 /* Chubab.png in Resources */ = {isa = PBXBuildFile; fileRef = E06611EA20074D9B0090F211 /* Chubab.png */; };
		E06611F020074D9C0090F211 /* Quiznos.png in Resources */ = {isa = PBXBuildFile; fileRef = E06611EB20074D9B0090F211 /* Quiznos.png */; };
		E06611F120074D9C0090F211 /* Gaeun.png in Resources */ = {isa = PBXBuildFile; fileRef = E06611EC20074D9B0090F211 /* Gaeun.png */; };
		E06611F220074D9C0090F211 /* Eddang.png in Resources */ = {isa = PBXBuildFile; fileRef = E06611ED20074D9B0090F211 /* Eddang.png */; };
		E07DA17520186BA90056EF96 /* QuiznosMenuTableViewController.swift in Sources */ = {isa = PBXBuildFile; fileRef = E07DA17420186BA90056EF96 /* QuiznosMenuTableViewController.swift */; };
		E07DA17720188C8C0056EF96 /* QuiznosOrderTableViewController.swift in Sources */ = {isa = PBXBuildFile; fileRef = E07DA17620188C8C0056EF96 /* QuiznosOrderTableViewController.swift */; };
		E07DA17920188CDB0056EF96 /* QuiznosOrderViewController.swift in Sources */ = {isa = PBXBuildFile; fileRef = E07DA17820188CDB0056EF96 /* QuiznosOrderViewController.swift */; };
		E0B26ACE20088BF500EC2451 /* Menu.swift in Sources */ = {isa = PBXBuildFile; fileRef = E0B26ACD20088BF500EC2451 /* Menu.swift */; };
		E0C8DD2820072D7E00AA756A /* ChooBabOrderTableViewController.swift in Sources */ = {isa = PBXBuildFile; fileRef = E0C8DD2720072D7E00AA756A /* ChooBabOrderTableViewController.swift */; };
		E0C8DD362007424300AA756A /* OptionTableViewCell.swift in Sources */ = {isa = PBXBuildFile; fileRef = E0C8DD352007424300AA756A /* OptionTableViewCell.swift */; };
		E0E0A4E82017263C00F619E3 /* GaEunMenuTableViewController.swift in Sources */ = {isa = PBXBuildFile; fileRef = E0E0A4E72017263C00F619E3 /* GaEunMenuTableViewController.swift */; };
		E0E0A4EC2017286C00F619E3 /* TabHome.png in Resources */ = {isa = PBXBuildFile; fileRef = E0E0A4E92017286B00F619E3 /* TabHome.png */; };
		E0E0A4ED2017286C00F619E3 /* TabMypage.png in Resources */ = {isa = PBXBuildFile; fileRef = E0E0A4EA2017286C00F619E3 /* TabMypage.png */; };
		E0E0A4EE2017286C00F619E3 /* TabCart.png in Resources */ = {isa = PBXBuildFile; fileRef = E0E0A4EB2017286C00F619E3 /* TabCart.png */; };
		E0E0A4F0201820BB00F619E3 /* GaEunCoffeeOptionViewController.swift in Sources */ = {isa = PBXBuildFile; fileRef = E0E0A4EF201820BB00F619E3 /* GaEunCoffeeOptionViewController.swift */; };
		E0E0A4F2201820EC00F619E3 /* GaEunCoffeeOptionTableViewController.swift in Sources */ = {isa = PBXBuildFile; fileRef = E0E0A4F1201820EC00F619E3 /* GaEunCoffeeOptionTableViewController.swift */; };
/* End PBXBuildFile section */

/* Begin PBXFileReference section */
		E01818E62006FBE60004C376 /* SWUpeed.app */ = {isa = PBXFileReference; explicitFileType = wrapper.application; includeInIndex = 0; path = SWUpeed.app; sourceTree = BUILT_PRODUCTS_DIR; };
		E01818E92006FBE60004C376 /* AppDelegate.swift */ = {isa = PBXFileReference; lastKnownFileType = sourcecode.swift; path = AppDelegate.swift; sourceTree = "<group>"; };
		E01818EE2006FBE60004C376 /* Base */ = {isa = PBXFileReference; lastKnownFileType = file.storyboard; name = Base; path = Base.lproj/Main.storyboard; sourceTree = "<group>"; };
		E01818F02006FBE60004C376 /* Assets.xcassets */ = {isa = PBXFileReference; lastKnownFileType = folder.assetcatalog; path = Assets.xcassets; sourceTree = "<group>"; };
		E01818F32006FBE60004C376 /* Base */ = {isa = PBXFileReference; lastKnownFileType = file.storyboard; name = Base; path = Base.lproj/LaunchScreen.storyboard; sourceTree = "<group>"; };
		E01818F52006FBE60004C376 /* Info.plist */ = {isa = PBXFileReference; lastKnownFileType = text.plist.xml; path = Info.plist; sourceTree = "<group>"; };
		E01818FB2006FDCC0004C376 /* sandwich-1.png */ = {isa = PBXFileReference; lastKnownFileType = image.png; path = "sandwich-1.png"; sourceTree = "<group>"; };
		E01818FC2006FDCC0004C376 /* rice.png */ = {isa = PBXFileReference; lastKnownFileType = image.png; path = rice.png; sourceTree = "<group>"; };
		E01818FD2006FDCC0004C376 /* orange-juice.png */ = {isa = PBXFileReference; lastKnownFileType = image.png; path = "orange-juice.png"; sourceTree = "<group>"; };
		E01818FE2006FDCC0004C376 /* sandwich-2.png */ = {isa = PBXFileReference; lastKnownFileType = image.png; path = "sandwich-2.png"; sourceTree = "<group>"; };
		E01819032006FDD50004C376 /* coffee.png */ = {isa = PBXFileReference; lastKnownFileType = image.png; path = coffee.png; sourceTree = "<group>"; };
		E018190A2007110C0004C376 /* unCheck.png */ = {isa = PBXFileReference; lastKnownFileType = image.png; path = unCheck.png; sourceTree = "<group>"; };
		E018190B2007110C0004C376 /* check.png */ = {isa = PBXFileReference; lastKnownFileType = image.png; path = check.png; sourceTree = "<group>"; };
		E018190E200714840004C376 /* ChooBabMenuTableViewController.swift */ = {isa = PBXFileReference; lastKnownFileType = sourcecode.swift; path = ChooBabMenuTableViewController.swift; sourceTree = "<group>"; };
		E01E2F1F20198A9E00843AF7 /* QuiznosDrinkViewController.swift */ = {isa = PBXFileReference; lastKnownFileType = sourcecode.swift; path = QuiznosDrinkViewController.swift; sourceTree = "<group>"; };
		E01E2F2120198AB000843AF7 /* QuiznosDrinkTableViewController.swift */ = {isa = PBXFileReference; lastKnownFileType = sourcecode.swift; path = QuiznosDrinkTableViewController.swift; sourceTree = "<group>"; };
		E01E2F232019B11F00843AF7 /* MainTabbarViewController.swift */ = {isa = PBXFileReference; lastKnownFileType = sourcecode.swift; path = MainTabbarViewController.swift; sourceTree = "<group>"; };
		E01E2F282019B42100843AF7 /* BeetleMenuTableViewController.swift */ = {isa = PBXFileReference; lastKnownFileType = sourcecode.swift; path = BeetleMenuTableViewController.swift; sourceTree = "<group>"; };
		E01E2F2A2019B47200843AF7 /* BeetleOrderTableViewController.swift */ = {isa = PBXFileReference; lastKnownFileType = sourcecode.swift; path = BeetleOrderTableViewController.swift; sourceTree = "<group>"; };
		E01E2F2E2019B4A400843AF7 /* BeetleOrderViewController.swift */ = {isa = PBXFileReference; lastKnownFileType = sourcecode.swift; path = BeetleOrderViewController.swift; sourceTree = "<group>"; };
		E01E2F312019CEE600843AF7 /* MyPageTableViewController.swift */ = {isa = PBXFileReference; fileEncoding = 4; lastKnownFileType = sourcecode.swift; path = MyPageTableViewController.swift; sourceTree = "<group>"; };
		E01E2F322019CEE600843AF7 /* LoginViewController.swift */ = {isa = PBXFileReference; fileEncoding = 4; lastKnownFileType = sourcecode.swift; path = LoginViewController.swift; sourceTree = "<group>"; };
		E01E2F332019CEE600843AF7 /* SignUpViewController.swift */ = {isa = PBXFileReference; fileEncoding = 4; lastKnownFileType = sourcecode.swift; path = SignUpViewController.swift; sourceTree = "<group>"; };
		E01E2F342019CEE600843AF7 /* ProfileChangeViewController.swift */ = {isa = PBXFileReference; fileEncoding = 4; lastKnownFileType = sourcecode.swift; path = ProfileChangeViewController.swift; sourceTree = "<group>"; };
		E01E2F392019CF0000843AF7 /* SwuPeed.png */ = {isa = PBXFileReference; lastKnownFileType = image.png; path = SwuPeed.png; sourceTree = "<group>"; };
		E01E2F3A2019CF0000843AF7 /* girl-2.png */ = {isa = PBXFileReference; lastKnownFileType = image.png; path = "girl-2.png"; sourceTree = "<group>"; };
		E01E2F3D2019D38400843AF7 /* AboutSwuPeedViewController.swift */ = {isa = PBXFileReference; lastKnownFileType = sourcecode.swift; path = AboutSwuPeedViewController.swift; sourceTree = "<group>"; };
		E01E2F3F2019F04100843AF7 /* mainImage1.png */ = {isa = PBXFileReference; lastKnownFileType = image.png; path = mainImage1.png; sourceTree = "<group>"; };
		E01E2F412019F10B00843AF7 /* mainImage2.png */ = {isa = PBXFileReference; lastKnownFileType = image.png; path = mainImage2.png; sourceTree = "<group>"; };
		E01E2F432019F20D00843AF7 /* MainViewController.swift */ = {isa = PBXFileReference; lastKnownFileType = sourcecode.swift; path = MainViewController.swift; sourceTree = "<group>"; };
		E01E2F452019F3A700843AF7 /* mainImage3.png */ = {isa = PBXFileReference; lastKnownFileType = image.png; path = mainImage3.png; sourceTree = "<group>"; };
		E01E2F472019F44000843AF7 /* mainImage4.png */ = {isa = PBXFileReference; lastKnownFileType = image.png; path = mainImage4.png; sourceTree = "<group>"; };
		E057B8542008661100AC8A26 /* ChooBabOrderViewController.swift */ = {isa = PBXFileReference; lastKnownFileType = sourcecode.swift; path = ChooBabOrderViewController.swift; sourceTree = "<group>"; };
		E057B8562008815400AC8A26 /* ChooBabCartViewController.swift */ = {isa = PBXFileReference; lastKnownFileType = sourcecode.swift; path = ChooBabCartViewController.swift; sourceTree = "<group>"; };
		E057B8582008816000AC8A26 /* ChooBabCartTableViewController.swift */ = {isa = PBXFileReference; lastKnownFileType = sourcecode.swift; path = ChooBabCartTableViewController.swift; sourceTree = "<group>"; };
		E057B85A200887E900AC8A26 /* ChooBabTodayMenuViewController.swift */ = {isa = PBXFileReference; lastKnownFileType = sourcecode.swift; path = ChooBabTodayMenuViewController.swift; sourceTree = "<group>"; };
		E06611E720074D6D0090F211 /* NewMenu.jpg */ = {isa = PBXFileReference; lastKnownFileType = image.jpeg; path = NewMenu.jpg; sourceTree = "<group>"; };
		E06611E920074D9B0090F211 /* BeetleJuice.png */ = {isa = PBXFileReference; lastKnownFileType = image.png; path = BeetleJuice.png; sourceTree = "<group>"; };
		E06611EA20074D9B0090F211 /* Chubab.png */ = {isa = PBXFileReference; lastKnownFileType = image.png; path = Chubab.png; sourceTree = "<group>"; };
		E06611EB20074D9B0090F211 /* Quiznos.png */ = {isa = PBXFileReference; lastKnownFileType = image.png; path = Quiznos.png; sourceTree = "<group>"; };
		E06611EC20074D9B0090F211 /* Gaeun.png */ = {isa = PBXFileReference; lastKnownFileType = image.png; path = Gaeun.png; sourceTree = "<group>"; };
		E06611ED20074D9B0090F211 /* Eddang.png */ = {isa = PBXFileReference; lastKnownFileType = image.png; path = Eddang.png; sourceTree = "<group>"; };
		E07DA17420186BA90056EF96 /* QuiznosMenuTableViewController.swift */ = {isa = PBXFileReference; lastKnownFileType = sourcecode.swift; path = QuiznosMenuTableViewController.swift; sourceTree = "<group>"; };
		E07DA17620188C8C0056EF96 /* QuiznosOrderTableViewController.swift */ = {isa = PBXFileReference; lastKnownFileType = sourcecode.swift; path = QuiznosOrderTableViewController.swift; sourceTree = "<group>"; };
		E07DA17820188CDB0056EF96 /* QuiznosOrderViewController.swift */ = {isa = PBXFileReference; lastKnownFileType = sourcecode.swift; path = QuiznosOrderViewController.swift; sourceTree = "<group>"; };
		E0B26ACD20088BF500EC2451 /* Menu.swift */ = {isa = PBXFileReference; lastKnownFileType = sourcecode.swift; path = Menu.swift; sourceTree = "<group>"; };
		E0C8DD2720072D7E00AA756A /* ChooBabOrderTableViewController.swift */ = {isa = PBXFileReference; lastKnownFileType = sourcecode.swift; path = ChooBabOrderTableViewController.swift; sourceTree = "<group>"; };
		E0C8DD352007424300AA756A /* OptionTableViewCell.swift */ = {isa = PBXFileReference; lastKnownFileType = sourcecode.swift; path = OptionTableViewCell.swift; sourceTree = "<group>"; };
		E0E0A4E72017263C00F619E3 /* GaEunMenuTableViewController.swift */ = {isa = PBXFileReference; fileEncoding = 4; lastKnownFileType = sourcecode.swift; path = GaEunMenuTableViewController.swift; sourceTree = "<group>"; };
		E0E0A4E92017286B00F619E3 /* TabHome.png */ = {isa = PBXFileReference; lastKnownFileType = image.png; path = TabHome.png; sourceTree = "<group>"; };
		E0E0A4EA2017286C00F619E3 /* TabMypage.png */ = {isa = PBXFileReference; lastKnownFileType = image.png; path = TabMypage.png; sourceTree = "<group>"; };
		E0E0A4EB2017286C00F619E3 /* TabCart.png */ = {isa = PBXFileReference; lastKnownFileType = image.png; path = TabCart.png; sourceTree = "<group>"; };
		E0E0A4EF201820BB00F619E3 /* GaEunCoffeeOptionViewController.swift */ = {isa = PBXFileReference; lastKnownFileType = sourcecode.swift; path = GaEunCoffeeOptionViewController.swift; sourceTree = "<group>"; };
		E0E0A4F1201820EC00F619E3 /* GaEunCoffeeOptionTableViewController.swift */ = {isa = PBXFileReference; lastKnownFileType = sourcecode.swift; path = GaEunCoffeeOptionTableViewController.swift; sourceTree = "<group>"; };
/* End PBXFileReference section */

/* Begin PBXFrameworksBuildPhase section */
		E01818E32006FBE60004C376 /* Frameworks */ = {
			isa = PBXFrameworksBuildPhase;
			buildActionMask = 2147483647;
			files = (
			);
			runOnlyForDeploymentPostprocessing = 0;
		};
/* End PBXFrameworksBuildPhase section */

/* Begin PBXGroup section */
		E01818DD2006FBE60004C376 = {
			isa = PBXGroup;
			children = (
				E01818E82006FBE60004C376 /* SWUpeed */,
				E01818E72006FBE60004C376 /* Products */,
			);
			sourceTree = "<group>";
		};
		E01818E72006FBE60004C376 /* Products */ = {
			isa = PBXGroup;
			children = (
				E01818E62006FBE60004C376 /* SWUpeed.app */,
			);
			name = Products;
			sourceTree = "<group>";
		};
		E01818E82006FBE60004C376 /* SWUpeed */ = {
			isa = PBXGroup;
			children = (
				E01818ED2006FBE60004C376 /* Main.storyboard */,
				E01818F02006FBE60004C376 /* Assets.xcassets */,
				E01818F22006FBE60004C376 /* LaunchScreen.storyboard */,
				E01818F52006FBE60004C376 /* Info.plist */,
				E0B26ACD20088BF500EC2451 /* Menu.swift */,
				E01818E92006FBE60004C376 /* AppDelegate.swift */,
				E01E2F232019B11F00843AF7 /* MainTabbarViewController.swift */,
				E0C8DD352007424300AA756A /* OptionTableViewCell.swift */,
				E057B8562008815400AC8A26 /* ChooBabCartViewController.swift */,
				E057B8582008816000AC8A26 /* ChooBabCartTableViewController.swift */,
				E01E2F432019F20D00843AF7 /* MainViewController.swift */,
				E0181909200702AA0004C376 /* image */,
				E01E2F302019CEC000843AF7 /* MyPage */,
				E01E2F252019B3D900843AF7 /* BeetleJuice */,
				E07444932015CD4300D33DF5 /* GaEun */,
				E07DA17320186B670056EF96 /* Quiznos */,
				E07444922015CC7200D33DF5 /* ChooBab */,
			);
			path = SWUpeed;
			sourceTree = "<group>";
		};
		E0181909200702AA0004C376 /* image */ = {
			isa = PBXGroup;
			children = (
				E01E2F472019F44000843AF7 /* mainImage4.png */,
				E01E2F452019F3A700843AF7 /* mainImage3.png */,
				E01E2F412019F10B00843AF7 /* mainImage2.png */,
				E01E2F3F2019F04100843AF7 /* mainImage1.png */,
				E01E2F3A2019CF0000843AF7 /* girl-2.png */,
				E01E2F392019CF0000843AF7 /* SwuPeed.png */,
				E0E0A4EB2017286C00F619E3 /* TabCart.png */,
				E0E0A4E92017286B00F619E3 /* TabHome.png */,
				E0E0A4EA2017286C00F619E3 /* TabMypage.png */,
				E06611E920074D9B0090F211 /* BeetleJuice.png */,
				E06611EA20074D9B0090F211 /* Chubab.png */,
				E06611ED20074D9B0090F211 /* Eddang.png */,
				E06611EC20074D9B0090F211 /* Gaeun.png */,
				E06611EB20074D9B0090F211 /* Quiznos.png */,
				E06611E720074D6D0090F211 /* NewMenu.jpg */,
				E018190B2007110C0004C376 /* check.png */,
				E018190A2007110C0004C376 /* unCheck.png */,
				E01819032006FDD50004C376 /* coffee.png */,
				E01818FD2006FDCC0004C376 /* orange-juice.png */,
				E01818FC2006FDCC0004C376 /* rice.png */,
				E01818FB2006FDCC0004C376 /* sandwich-1.png */,
				E01818FE2006FDCC0004C376 /* sandwich-2.png */,
			);
			path = image;
			sourceTree = "<group>";
		};
		E01E2F252019B3D900843AF7 /* BeetleJuice */ = {
			isa = PBXGroup;
			children = (
				E01E2F282019B42100843AF7 /* BeetleMenuTableViewController.swift */,
				E01E2F2E2019B4A400843AF7 /* BeetleOrderViewController.swift */,
				E01E2F2A2019B47200843AF7 /* BeetleOrderTableViewController.swift */,
			);
			path = BeetleJuice;
			sourceTree = "<group>";
		};
		E01E2F302019CEC000843AF7 /* MyPage */ = {
			isa = PBXGroup;
			children = (
				E01E2F322019CEE600843AF7 /* LoginViewController.swift */,
				E01E2F312019CEE600843AF7 /* MyPageTableViewController.swift */,
				E01E2F342019CEE600843AF7 /* ProfileChangeViewController.swift */,
				E01E2F332019CEE600843AF7 /* SignUpViewController.swift */,
				E01E2F3D2019D38400843AF7 /* AboutSwuPeedViewController.swift */,
			);
			path = MyPage;
			sourceTree = "<group>";
		};
		E07444922015CC7200D33DF5 /* ChooBab */ = {
			isa = PBXGroup;
			children = (
				E018190E200714840004C376 /* ChooBabMenuTableViewController.swift */,
				E057B8542008661100AC8A26 /* ChooBabOrderViewController.swift */,
				E0C8DD2720072D7E00AA756A /* ChooBabOrderTableViewController.swift */,
				E057B85A200887E900AC8A26 /* ChooBabTodayMenuViewController.swift */,
			);
			path = ChooBab;
			sourceTree = "<group>";
		};
		E07444932015CD4300D33DF5 /* GaEun */ = {
			isa = PBXGroup;
			children = (
				E0E0A4E72017263C00F619E3 /* GaEunMenuTableViewController.swift */,
				E0E0A4EF201820BB00F619E3 /* GaEunCoffeeOptionViewController.swift */,
				E0E0A4F1201820EC00F619E3 /* GaEunCoffeeOptionTableViewController.swift */,
			);
			path = GaEun;
			sourceTree = "<group>";
		};
		E07DA17320186B670056EF96 /* Quiznos */ = {
			isa = PBXGroup;
			children = (
				E07DA17420186BA90056EF96 /* QuiznosMenuTableViewController.swift */,
				E07DA17820188CDB0056EF96 /* QuiznosOrderViewController.swift */,
				E07DA17620188C8C0056EF96 /* QuiznosOrderTableViewController.swift */,
				E01E2F1F20198A9E00843AF7 /* QuiznosDrinkViewController.swift */,
				E01E2F2120198AB000843AF7 /* QuiznosDrinkTableViewController.swift */,
			);
			path = Quiznos;
			sourceTree = "<group>";
		};
/* End PBXGroup section */

/* Begin PBXNativeTarget section */
		E01818E52006FBE60004C376 /* SWUpeed */ = {
			isa = PBXNativeTarget;
			buildConfigurationList = E01818F82006FBE60004C376 /* Build configuration list for PBXNativeTarget "SWUpeed" */;
			buildPhases = (
				E01818E22006FBE60004C376 /* Sources */,
				E01818E32006FBE60004C376 /* Frameworks */,
				E01818E42006FBE60004C376 /* Resources */,
			);
			buildRules = (
			);
			dependencies = (
			);
			name = SWUpeed;
			productName = SWUpeed;
			productReference = E01818E62006FBE60004C376 /* SWUpeed.app */;
			productType = "com.apple.product-type.application";
		};
/* End PBXNativeTarget section */

/* Begin PBXProject section */
		E01818DE2006FBE60004C376 /* Project object */ = {
			isa = PBXProject;
			attributes = {
				LastSwiftUpdateCheck = 0920;
				LastUpgradeCheck = 0920;
				ORGANIZATIONNAME = "Yeajin Kwon";
				TargetAttributes = {
					E01818E52006FBE60004C376 = {
						CreatedOnToolsVersion = 9.2;
						ProvisioningStyle = Automatic;
					};
				};
			};
			buildConfigurationList = E01818E12006FBE60004C376 /* Build configuration list for PBXProject "SWUpeed" */;
			compatibilityVersion = "Xcode 8.0";
			developmentRegion = en;
			hasScannedForEncodings = 0;
			knownRegions = (
				en,
				Base,
			);
			mainGroup = E01818DD2006FBE60004C376;
			productRefGroup = E01818E72006FBE60004C376 /* Products */;
			projectDirPath = "";
			projectRoot = "";
			targets = (
				E01818E52006FBE60004C376 /* SWUpeed */,
			);
		};
/* End PBXProject section */

/* Begin PBXResourcesBuildPhase section */
		E01818E42006FBE60004C376 /* Resources */ = {
			isa = PBXResourcesBuildPhase;
			buildActionMask = 2147483647;
			files = (
				E06611F220074D9C0090F211 /* Eddang.png in Resources */,
				E01E2F482019F44000843AF7 /* mainImage4.png in Resources */,
				E06611EF20074D9C0090F211 /* Chubab.png in Resources */,
				E01818FF2006FDCD0004C376 /* sandwich-1.png in Resources */,
				E06611E820074D6E0090F211 /* NewMenu.jpg in Resources */,
				E01819002006FDCD0004C376 /* rice.png in Resources */,
				E01818F42006FBE60004C376 /* LaunchScreen.storyboard in Resources */,
				E06611F120074D9C0090F211 /* Gaeun.png in Resources */,
				E01E2F3B2019CF0000843AF7 /* SwuPeed.png in Resources */,
				E01E2F422019F10C00843AF7 /* mainImage2.png in Resources */,
				E01819022006FDCD0004C376 /* sandwich-2.png in Resources */,
				E018190C2007110C0004C376 /* unCheck.png in Resources */,
				E01818F12006FBE60004C376 /* Assets.xcassets in Resources */,
				E01E2F462019F3A800843AF7 /* mainImage3.png in Resources */,
				E0E0A4EE2017286C00F619E3 /* TabCart.png in Resources */,
				E01E2F3C2019CF0000843AF7 /* girl-2.png in Resources */,
				E018190D2007110C0004C376 /* check.png in Resources */,
				E0E0A4EC2017286C00F619E3 /* TabHome.png in Resources */,
				E06611F020074D9C0090F211 /* Quiznos.png in Resources */,
				E01E2F402019F04300843AF7 /* mainImage1.png in Resources */,
				E01819042006FDD50004C376 /* coffee.png in Resources */,
				E01819012006FDCD0004C376 /* orange-juice.png in Resources */,
				E01818EF2006FBE60004C376 /* Main.storyboard in Resources */,
				E0E0A4ED2017286C00F619E3 /* TabMypage.png in Resources */,
				E06611EE20074D9C0090F211 /* BeetleJuice.png in Resources */,
			);
			runOnlyForDeploymentPostprocessing = 0;
		};
/* End PBXResourcesBuildPhase section */

/* Begin PBXSourcesBuildPhase section */
		E01818E22006FBE60004C376 /* Sources */ = {
			isa = PBXSourcesBuildPhase;
			buildActionMask = 2147483647;
			files = (
				E01E2F292019B42100843AF7 /* BeetleMenuTableViewController.swift in Sources */,
				E0C8DD2820072D7E00AA756A /* ChooBabOrderTableViewController.swift in Sources */,
				E0E0A4F2201820EC00F619E3 /* GaEunCoffeeOptionTableViewController.swift in Sources */,
				E01E2F362019CEE600843AF7 /* LoginViewController.swift in Sources */,
				E01E2F2B2019B47200843AF7 /* BeetleOrderTableViewController.swift in Sources */,
				E07DA17920188CDB0056EF96 /* QuiznosOrderViewController.swift in Sources */,
				E01E2F2220198AB000843AF7 /* QuiznosDrinkTableViewController.swift in Sources */,
				E07DA17520186BA90056EF96 /* QuiznosMenuTableViewController.swift in Sources */,
				E057B8592008816000AC8A26 /* ChooBabCartTableViewController.swift in Sources */,
				E07DA17720188C8C0056EF96 /* QuiznosOrderTableViewController.swift in Sources */,
				E01E2F2020198A9E00843AF7 /* QuiznosDrinkViewController.swift in Sources */,
				E057B85B200887E900AC8A26 /* ChooBabTodayMenuViewController.swift in Sources */,
				E0B26ACE20088BF500EC2451 /* Menu.swift in Sources */,
				E01E2F2F2019B4A400843AF7 /* BeetleOrderViewController.swift in Sources */,
				E057B8572008815400AC8A26 /* ChooBabCartViewController.swift in Sources */,
				E01818EA2006FBE60004C376 /* AppDelegate.swift in Sources */,
				E01E2F242019B11F00843AF7 /* MainTabbarViewController.swift in Sources */,
				E0C8DD362007424300AA756A /* OptionTableViewCell.swift in Sources */,
				E01E2F3E2019D38400843AF7 /* AboutSwuPeedViewController.swift in Sources */,
				E01E2F372019CEE600843AF7 /* SignUpViewController.swift in Sources */,
				E01E2F382019CEE600843AF7 /* ProfileChangeViewController.swift in Sources */,
				E018190F200714840004C376 /* ChooBabMenuTableViewController.swift in Sources */,
				E057B8552008661100AC8A26 /* ChooBabOrderViewController.swift in Sources */,
				E0E0A4E82017263C00F619E3 /* GaEunMenuTableViewController.swift in Sources */,
				E01E2F442019F20D00843AF7 /* MainViewController.swift in Sources */,
				E01E2F352019CEE600843AF7 /* MyPageTableViewController.swift in Sources */,
				E0E0A4F0201820BB00F619E3 /* GaEunCoffeeOptionViewController.swift in Sources */,
			);
			runOnlyForDeploymentPostprocessing = 0;
		};
/* End PBXSourcesBuildPhase section */

/* Begin PBXVariantGroup section */
		E01818ED2006FBE60004C376 /* Main.storyboard */ = {
			isa = PBXVariantGroup;
			children = (
				E01818EE2006FBE60004C376 /* Base */,
			);
			name = Main.storyboard;
			sourceTree = "<group>";
		};
		E01818F22006FBE60004C376 /* LaunchScreen.storyboard */ = {
			isa = PBXVariantGroup;
			children = (
				E01818F32006FBE60004C376 /* Base */,
			);
			name = LaunchScreen.storyboard;
			sourceTree = "<group>";
		};
/* End PBXVariantGroup section */

/* Begin XCBuildConfiguration section */
		E01818F62006FBE60004C376 /* Debug */ = {
			isa = XCBuildConfiguration;
			buildSettings = {
				ALWAYS_SEARCH_USER_PATHS = NO;
				CLANG_ANALYZER_NONNULL = YES;
				CLANG_ANALYZER_NUMBER_OBJECT_CONVERSION = YES_AGGRESSIVE;
				CLANG_CXX_LANGUAGE_STANDARD = "gnu++14";
				CLANG_CXX_LIBRARY = "libc++";
				CLANG_ENABLE_MODULES = YES;
				CLANG_ENABLE_OBJC_ARC = YES;
				CLANG_WARN_BLOCK_CAPTURE_AUTORELEASING = YES;
				CLANG_WARN_BOOL_CONVERSION = YES;
				CLANG_WARN_COMMA = YES;
				CLANG_WARN_CONSTANT_CONVERSION = YES;
				CLANG_WARN_DIRECT_OBJC_ISA_USAGE = YES_ERROR;
				CLANG_WARN_DOCUMENTATION_COMMENTS = YES;
				CLANG_WARN_EMPTY_BODY = YES;
				CLANG_WARN_ENUM_CONVERSION = YES;
				CLANG_WARN_INFINITE_RECURSION = YES;
				CLANG_WARN_INT_CONVERSION = YES;
				CLANG_WARN_NON_LITERAL_NULL_CONVERSION = YES;
				CLANG_WARN_OBJC_LITERAL_CONVERSION = YES;
				CLANG_WARN_OBJC_ROOT_CLASS = YES_ERROR;
				CLANG_WARN_RANGE_LOOP_ANALYSIS = YES;
				CLANG_WARN_STRICT_PROTOTYPES = YES;
				CLANG_WARN_SUSPICIOUS_MOVE = YES;
				CLANG_WARN_UNGUARDED_AVAILABILITY = YES_AGGRESSIVE;
				CLANG_WARN_UNREACHABLE_CODE = YES;
				CLANG_WARN__DUPLICATE_METHOD_MATCH = YES;
				CODE_SIGN_IDENTITY = "iPhone Developer";
				COPY_PHASE_STRIP = NO;
				DEBUG_INFORMATION_FORMAT = dwarf;
				ENABLE_STRICT_OBJC_MSGSEND = YES;
				ENABLE_TESTABILITY = YES;
				GCC_C_LANGUAGE_STANDARD = gnu11;
				GCC_DYNAMIC_NO_PIC = NO;
				GCC_NO_COMMON_BLOCKS = YES;
				GCC_OPTIMIZATION_LEVEL = 0;
				GCC_PREPROCESSOR_DEFINITIONS = (
					"DEBUG=1",
					"$(inherited)",
				);
				GCC_WARN_64_TO_32_BIT_CONVERSION = YES;
				GCC_WARN_ABOUT_RETURN_TYPE = YES_ERROR;
				GCC_WARN_UNDECLARED_SELECTOR = YES;
				GCC_WARN_UNINITIALIZED_AUTOS = YES_AGGRESSIVE;
				GCC_WARN_UNUSED_FUNCTION = YES;
				GCC_WARN_UNUSED_VARIABLE = YES;
				IPHONEOS_DEPLOYMENT_TARGET = 11.2;
				MTL_ENABLE_DEBUG_INFO = YES;
				ONLY_ACTIVE_ARCH = YES;
				SDKROOT = iphoneos;
				SWIFT_ACTIVE_COMPILATION_CONDITIONS = DEBUG;
				SWIFT_OPTIMIZATION_LEVEL = "-Onone";
			};
			name = Debug;
		};
		E01818F72006FBE60004C376 /* Release */ = {
			isa = XCBuildConfiguration;
			buildSettings = {
				ALWAYS_SEARCH_USER_PATHS = NO;
				CLANG_ANALYZER_NONNULL = YES;
				CLANG_ANALYZER_NUMBER_OBJECT_CONVERSION = YES_AGGRESSIVE;
				CLANG_CXX_LANGUAGE_STANDARD = "gnu++14";
				CLANG_CXX_LIBRARY = "libc++";
				CLANG_ENABLE_MODULES = YES;
				CLANG_ENABLE_OBJC_ARC = YES;
				CLANG_WARN_BLOCK_CAPTURE_AUTORELEASING = YES;
				CLANG_WARN_BOOL_CONVERSION = YES;
				CLANG_WARN_COMMA = YES;
				CLANG_WARN_CONSTANT_CONVERSION = YES;
				CLANG_WARN_DIRECT_OBJC_ISA_USAGE = YES_ERROR;
				CLANG_WARN_DOCUMENTATION_COMMENTS = YES;
				CLANG_WARN_EMPTY_BODY = YES;
				CLANG_WARN_ENUM_CONVERSION = YES;
				CLANG_WARN_INFINITE_RECURSION = YES;
				CLANG_WARN_INT_CONVERSION = YES;
				CLANG_WARN_NON_LITERAL_NULL_CONVERSION = YES;
				CLANG_WARN_OBJC_LITERAL_CONVERSION = YES;
				CLANG_WARN_OBJC_ROOT_CLASS = YES_ERROR;
				CLANG_WARN_RANGE_LOOP_ANALYSIS = YES;
				CLANG_WARN_STRICT_PROTOTYPES = YES;
				CLANG_WARN_SUSPICIOUS_MOVE = YES;
				CLANG_WARN_UNGUARDED_AVAILABILITY = YES_AGGRESSIVE;
				CLANG_WARN_UNREACHABLE_CODE = YES;
				CLANG_WARN__DUPLICATE_METHOD_MATCH = YES;
				CODE_SIGN_IDENTITY = "iPhone Developer";
				COPY_PHASE_STRIP = NO;
				DEBUG_INFORMATION_FORMAT = "dwarf-with-dsym";
				ENABLE_NS_ASSERTIONS = NO;
				ENABLE_STRICT_OBJC_MSGSEND = YES;
				GCC_C_LANGUAGE_STANDARD = gnu11;
				GCC_NO_COMMON_BLOCKS = YES;
				GCC_WARN_64_TO_32_BIT_CONVERSION = YES;
				GCC_WARN_ABOUT_RETURN_TYPE = YES_ERROR;
				GCC_WARN_UNDECLARED_SELECTOR = YES;
				GCC_WARN_UNINITIALIZED_AUTOS = YES_AGGRESSIVE;
				GCC_WARN_UNUSED_FUNCTION = YES;
				GCC_WARN_UNUSED_VARIABLE = YES;
				IPHONEOS_DEPLOYMENT_TARGET = 11.2;
				MTL_ENABLE_DEBUG_INFO = NO;
				SDKROOT = iphoneos;
				SWIFT_OPTIMIZATION_LEVEL = "-Owholemodule";
				VALIDATE_PRODUCT = YES;
			};
			name = Release;
		};
		E01818F92006FBE60004C376 /* Debug */ = {
			isa = XCBuildConfiguration;
			buildSettings = {
				ASSETCATALOG_COMPILER_APPICON_NAME = AppIcon;
				CODE_SIGN_STYLE = Automatic;
				DEVELOPMENT_TEAM = N6JH7RBUA4;
				INFOPLIST_FILE = SWUpeed/Info.plist;
				LD_RUNPATH_SEARCH_PATHS = "$(inherited) @executable_path/Frameworks";
				PRODUCT_BUNDLE_IDENTIFIER = swu.ac.kr.SWUpeed;
				PRODUCT_NAME = "$(TARGET_NAME)";
				SWIFT_VERSION = 4.0;
				TARGETED_DEVICE_FAMILY = "1,2";
			};
			name = Debug;
		};
		E01818FA2006FBE60004C376 /* Release */ = {
			isa = XCBuildConfiguration;
			buildSettings = {
				ASSETCATALOG_COMPILER_APPICON_NAME = AppIcon;
				CODE_SIGN_STYLE = Automatic;
				DEVELOPMENT_TEAM = N6JH7RBUA4;
				INFOPLIST_FILE = SWUpeed/Info.plist;
				LD_RUNPATH_SEARCH_PATHS = "$(inherited) @executable_path/Frameworks";
				PRODUCT_BUNDLE_IDENTIFIER = swu.ac.kr.SWUpeed;
				PRODUCT_NAME = "$(TARGET_NAME)";
				SWIFT_VERSION = 4.0;
				TARGETED_DEVICE_FAMILY = "1,2";
			};
			name = Release;
		};
/* End XCBuildConfiguration section */

/* Begin XCConfigurationList section */
		E01818E12006FBE60004C376 /* Build configuration list for PBXProject "SWUpeed" */ = {
			isa = XCConfigurationList;
			buildConfigurations = (
				E01818F62006FBE60004C376 /* Debug */,
				E01818F72006FBE60004C376 /* Release */,
			);
			defaultConfigurationIsVisible = 0;
			defaultConfigurationName = Release;
		};
		E01818F82006FBE60004C376 /* Build configuration list for PBXNativeTarget "SWUpeed" */ = {
			isa = XCConfigurationList;
			buildConfigurations = (
				E01818F92006FBE60004C376 /* Debug */,
				E01818FA2006FBE60004C376 /* Release */,
			);
			defaultConfigurationIsVisible = 0;
			defaultConfigurationName = Release;
		};
/* End XCConfigurationList section */
	};
	rootObject = E01818DE2006FBE60004C376 /* Project object */;
}
